// !$*UTF8*$!
{
	archiveVersion = 1;
	classes = {
	};
	objectVersion = 60;
	objects = {

/* Begin PBXBuildFile section */
		0506DE1F2AD42AF00009701E /* Talk.docc in Sources */ = {isa = PBXBuildFile; fileRef = 0506DE1E2AD42AF00009701E /* Talk.docc */; };
		0506DE202AD42AF00009701E /* Talk.docc in Sources */ = {isa = PBXBuildFile; fileRef = 0506DE1E2AD42AF00009701E /* Talk.docc */; };
		0570CC452AAEE98F001832E9 /* SceneDelegate.swift in Sources */ = {isa = PBXBuildFile; fileRef = 0570CBA12AAEE98D001832E9 /* SceneDelegate.swift */; };
		0570CC462AAEE98F001832E9 /* SceneDelegate.swift in Sources */ = {isa = PBXBuildFile; fileRef = 0570CBA12AAEE98D001832E9 /* SceneDelegate.swift */; };
		0570CC772AAEE98F001832E9 /* Preview Assets.xcassets in Resources */ = {isa = PBXBuildFile; fileRef = 0570CBC22AAEE98E001832E9 /* Preview Assets.xcassets */; };
		0570CC782AAEE98F001832E9 /* Preview Assets.xcassets in Resources */ = {isa = PBXBuildFile; fileRef = 0570CBC22AAEE98E001832E9 /* Preview Assets.xcassets */; };
		0570CC932AAEE98F001832E9 /* AppDelegate.swift in Sources */ = {isa = PBXBuildFile; fileRef = 0570CBDE2AAEE98E001832E9 /* AppDelegate.swift */; };
		0570CC942AAEE98F001832E9 /* AppDelegate.swift in Sources */ = {isa = PBXBuildFile; fileRef = 0570CBDE2AAEE98E001832E9 /* AppDelegate.swift */; };
		05D493922B21FF3100508472 /* PhotosUI.framework in Frameworks */ = {isa = PBXBuildFile; fileRef = 052F46652B21F5B400085C26 /* PhotosUI.framework */; };
		05D493932B21FF3800508472 /* PhotosUI.framework in Frameworks */ = {isa = PBXBuildFile; fileRef = 052F46652B21F5B400085C26 /* PhotosUI.framework */; };
		AC27F3BA2EC6ED25008305C5 /* Talk.docc in Sources */ = {isa = PBXBuildFile; fileRef = 0506DE1E2AD42AF00009701E /* Talk.docc */; };
		AC27F3BB2EC6ED25008305C5 /* AppDelegate.swift in Sources */ = {isa = PBXBuildFile; fileRef = 0570CBDE2AAEE98E001832E9 /* AppDelegate.swift */; };
		AC27F3BC2EC6ED25008305C5 /* SceneDelegate.swift in Sources */ = {isa = PBXBuildFile; fileRef = 0570CBA12AAEE98D001832E9 /* SceneDelegate.swift */; };
		AC27F3BD2EC6ED25008305C5 /* Logger+.swift in Sources */ = {isa = PBXBuildFile; fileRef = ACF5385F2DF42AC300D6C9A3 /* Logger+.swift */; };
		AC27F3BF2EC6ED25008305C5 /* TalkApp in Frameworks */ = {isa = PBXBuildFile; productRef = AC27F3B52EC6ED25008305C5 /* TalkApp */; };
		AC27F3C02EC6ED25008305C5 /* PhotosUI.framework in Frameworks */ = {isa = PBXBuildFile; fileRef = 052F46652B21F5B400085C26 /* PhotosUI.framework */; };
		AC27F3C12EC6ED25008305C5 /* LeitnerBoxApp in Frameworks */ = {isa = PBXBuildFile; productRef = AC27F3B72EC6ED25008305C5 /* LeitnerBoxApp */; };
		AC27F3C32EC6ED25008305C5 /* talk_logo_animation.json in Resources */ = {isa = PBXBuildFile; fileRef = ACCDE1932EC4BFC200499BDC /* talk_logo_animation.json */; };
		AC27F3C42EC6ED25008305C5 /* Assets.xcassets in Resources */ = {isa = PBXBuildFile; fileRef = ACA238F22D76CB8E00D8E43A /* Assets.xcassets */; };
		AC27F3C52EC6ED25008305C5 /* Preview Assets.xcassets in Resources */ = {isa = PBXBuildFile; fileRef = 0570CBC22AAEE98E001832E9 /* Preview Assets.xcassets */; };
		AC484F2F2D8A954F008E7C62 /* Assets.xcassets in Resources */ = {isa = PBXBuildFile; fileRef = ACA238F22D76CB8E00D8E43A /* Assets.xcassets */; };
		AC484F302D8A954F008E7C62 /* Assets.xcassets in Resources */ = {isa = PBXBuildFile; fileRef = ACA238F22D76CB8E00D8E43A /* Assets.xcassets */; };
		AC64B77A2ECC950B009524EC /* dots_loading.json in Resources */ = {isa = PBXBuildFile; fileRef = AC64B7792ECC950B009524EC /* dots_loading.json */; };
		AC64B77B2ECC950B009524EC /* dots_loading.json in Resources */ = {isa = PBXBuildFile; fileRef = AC64B7792ECC950B009524EC /* dots_loading.json */; };
		AC64B77C2ECC950B009524EC /* dots_loading.json in Resources */ = {isa = PBXBuildFile; fileRef = AC64B7792ECC950B009524EC /* dots_loading.json */; };
		AC64B77D2ECC950B009524EC /* dots_loading.json in Resources */ = {isa = PBXBuildFile; fileRef = AC64B7792ECC950B009524EC /* dots_loading.json */; };
		AC7408932D777A81009217C8 /* TalkApp in Frameworks */ = {isa = PBXBuildFile; productRef = AC7408922D777A81009217C8 /* TalkApp */; };
		AC7408952D777A86009217C8 /* TalkApp in Frameworks */ = {isa = PBXBuildFile; productRef = AC7408942D777A86009217C8 /* TalkApp */; };
		AC90FBA52E1C2D3800890CDA /* LeitnerBoxApp in Frameworks */ = {isa = PBXBuildFile; productRef = AC90FBA42E1C2D3800890CDA /* LeitnerBoxApp */; };
		AC90FBA72E1C2D4000890CDA /* TalkApp in Frameworks */ = {isa = PBXBuildFile; productRef = AC90FBA62E1C2D4000890CDA /* TalkApp */; };
		AC90FBA82E1C2D9100890CDA /* SceneDelegate.swift in Sources */ = {isa = PBXBuildFile; fileRef = 0570CBA12AAEE98D001832E9 /* SceneDelegate.swift */; };
		AC90FBAA2E1C2DA000890CDA /* LeitnerBoxApp in Frameworks */ = {isa = PBXBuildFile; productRef = AC90FBA92E1C2DA000890CDA /* LeitnerBoxApp */; };
		AC90FBAC2E1C2DA500890CDA /* LeitnerBoxApp in Frameworks */ = {isa = PBXBuildFile; productRef = AC90FBAB2E1C2DA500890CDA /* LeitnerBoxApp */; };
		AC90FBAD2E1C2EAB00890CDA /* Logger+.swift in Sources */ = {isa = PBXBuildFile; fileRef = ACF5385F2DF42AC300D6C9A3 /* Logger+.swift */; };
		AC90FBAE2E1C2EB200890CDA /* AppDelegate.swift in Sources */ = {isa = PBXBuildFile; fileRef = 0570CBDE2AAEE98E001832E9 /* AppDelegate.swift */; };
		AC90FBB02E1C2ED500890CDA /* Talk.docc in Sources */ = {isa = PBXBuildFile; fileRef = 0506DE1E2AD42AF00009701E /* Talk.docc */; };
		AC90FBB12E1C2EFF00890CDA /* Assets.xcassets in Resources */ = {isa = PBXBuildFile; fileRef = ACA238F22D76CB8E00D8E43A /* Assets.xcassets */; };
		AC90FBB22E1C2F0900890CDA /* Preview Assets.xcassets in Resources */ = {isa = PBXBuildFile; fileRef = 0570CBC22AAEE98E001832E9 /* Preview Assets.xcassets */; };
		ACDC0A082EAF5C290094A423 /* FirebaseCore in Frameworks */ = {isa = PBXBuildFile; productRef = ACDC0A072EAF5C290094A423 /* FirebaseCore */; };
		ACDC0A0A2EAF5C290094A423 /* FirebaseMessaging in Frameworks */ = {isa = PBXBuildFile; productRef = ACDC0A092EAF5C290094A423 /* FirebaseMessaging */; };
		ACDC0A0C2EAF5C350094A423 /* FirebaseCore in Frameworks */ = {isa = PBXBuildFile; productRef = ACDC0A0B2EAF5C350094A423 /* FirebaseCore */; };
		ACDC0A0E2EAF5C350094A423 /* FirebaseMessaging in Frameworks */ = {isa = PBXBuildFile; productRef = ACDC0A0D2EAF5C350094A423 /* FirebaseMessaging */; };
		ACDC0A102EAF5C3E0094A423 /* FirebaseCore in Frameworks */ = {isa = PBXBuildFile; productRef = ACDC0A0F2EAF5C3E0094A423 /* FirebaseCore */; };
		ACDC0A122EAF5C3E0094A423 /* FirebaseMessaging in Frameworks */ = {isa = PBXBuildFile; productRef = ACDC0A112EAF5C3E0094A423 /* FirebaseMessaging */; };
		ACDC0A142EAF5E830094A423 /* GoogleService-Info.plist in Resources */ = {isa = PBXBuildFile; fileRef = ACDC0A132EAF5E830094A423 /* GoogleService-Info.plist */; };
		ACDC0A152EAF5E830094A423 /* GoogleService-Info.plist in Resources */ = {isa = PBXBuildFile; fileRef = ACDC0A132EAF5E830094A423 /* GoogleService-Info.plist */; };
		ACDC0A162EAF5E830094A423 /* GoogleService-Info.plist in Resources */ = {isa = PBXBuildFile; fileRef = ACDC0A132EAF5E830094A423 /* GoogleService-Info.plist */; };
		ACCDE1942EC4BFC200499BDC /* talk_logo_animation.json in Resources */ = {isa = PBXBuildFile; fileRef = ACCDE1932EC4BFC200499BDC /* talk_logo_animation.json */; };
		ACCDE1952EC4BFC200499BDC /* talk_logo_animation.json in Resources */ = {isa = PBXBuildFile; fileRef = ACCDE1932EC4BFC200499BDC /* talk_logo_animation.json */; };
		ACCDE1962EC4BFC200499BDC /* talk_logo_animation.json in Resources */ = {isa = PBXBuildFile; fileRef = ACCDE1932EC4BFC200499BDC /* talk_logo_animation.json */; };
		ACF538602DF42AC300D6C9A3 /* Logger+.swift in Sources */ = {isa = PBXBuildFile; fileRef = ACF5385F2DF42AC300D6C9A3 /* Logger+.swift */; };
		ACF538612DF42AC300D6C9A3 /* Logger+.swift in Sources */ = {isa = PBXBuildFile; fileRef = ACF5385F2DF42AC300D6C9A3 /* Logger+.swift */; };
/* End PBXBuildFile section */

/* Begin PBXCopyFilesBuildPhase section */
		053EBAB82CCCC796002C1335 /* Embed Frameworks */ = {
			isa = PBXCopyFilesBuildPhase;
			buildActionMask = 2147483647;
			dstPath = "";
			dstSubfolderSpec = 10;
			files = (
			);
			name = "Embed Frameworks";
			runOnlyForDeploymentPostprocessing = 0;
		};
		053EBAC92CCCC7A3002C1335 /* Embed Frameworks */ = {
			isa = PBXCopyFilesBuildPhase;
			buildActionMask = 2147483647;
			dstPath = "";
			dstSubfolderSpec = 10;
			files = (
			);
			name = "Embed Frameworks";
			runOnlyForDeploymentPostprocessing = 0;
		};
		AC27F3C62EC6ED25008305C5 /* Embed Frameworks */ = {
			isa = PBXCopyFilesBuildPhase;
			buildActionMask = 2147483647;
			dstPath = "";
			dstSubfolderSpec = 10;
			files = (
			);
			name = "Embed Frameworks";
			runOnlyForDeploymentPostprocessing = 0;
		};
/* End PBXCopyFilesBuildPhase section */

/* Begin PBXFileReference section */
		0506DE1E2AD42AF00009701E /* Talk.docc */ = {isa = PBXFileReference; lastKnownFileType = folder.documentationcatalog; path = Talk.docc; sourceTree = "<group>"; };
		052F46652B21F5B400085C26 /* PhotosUI.framework */ = {isa = PBXFileReference; lastKnownFileType = wrapper.framework; name = PhotosUI.framework; path = System/Library/Frameworks/PhotosUI.framework; sourceTree = SDKROOT; };
		0570CB172AAEE02A001832E9 /* Talk.app */ = {isa = PBXFileReference; explicitFileType = wrapper.application; includeInIndex = 0; path = Talk.app; sourceTree = BUILT_PRODUCTS_DIR; };
		0570CB332AAEE04B001832E9 /* Talk-Test.app */ = {isa = PBXFileReference; explicitFileType = wrapper.application; includeInIndex = 0; path = "Talk-Test.app"; sourceTree = BUILT_PRODUCTS_DIR; };
		0570CBA12AAEE98D001832E9 /* SceneDelegate.swift */ = {isa = PBXFileReference; fileEncoding = 4; lastKnownFileType = sourcecode.swift; path = SceneDelegate.swift; sourceTree = "<group>"; };
		0570CBC22AAEE98E001832E9 /* Preview Assets.xcassets */ = {isa = PBXFileReference; lastKnownFileType = folder.assetcatalog; path = "Preview Assets.xcassets"; sourceTree = "<group>"; };
		0570CBDE2AAEE98E001832E9 /* AppDelegate.swift */ = {isa = PBXFileReference; fileEncoding = 4; lastKnownFileType = sourcecode.swift; path = AppDelegate.swift; sourceTree = "<group>"; };
		0570CC952AAEE9B2001832E9 /* Info-Sibche.plist */ = {isa = PBXFileReference; fileEncoding = 4; lastKnownFileType = text.plist.xml; path = "Info-Sibche.plist"; sourceTree = "<group>"; };
		0570CC962AAEE9B2001832E9 /* Info-Test.plist */ = {isa = PBXFileReference; fileEncoding = 4; lastKnownFileType = text.plist.xml; path = "Info-Test.plist"; sourceTree = "<group>"; };
		05B4C17A2ACEF2AF00FBC4DC /* TabButtonsContainer.swift */ = {isa = PBXFileReference; fileEncoding = 4; lastKnownFileType = sourcecode.swift; path = TabButtonsContainer.swift; sourceTree = "<group>"; };
		AC27F3CA2EC6ED25008305C5 /* LeitnerBox.app */ = {isa = PBXFileReference; explicitFileType = wrapper.application; includeInIndex = 0; path = LeitnerBox.app; sourceTree = BUILT_PRODUCTS_DIR; };
		AC27F3CC2EC6ED5C008305C5 /* LeitnerBox.plist */ = {isa = PBXFileReference; lastKnownFileType = text.plist.xml; path = LeitnerBox.plist; sourceTree = "<group>"; };
		AC64B7792ECC950B009524EC /* dots_loading.json */ = {isa = PBXFileReference; lastKnownFileType = text.json; path = dots_loading.json; sourceTree = "<group>"; };
		AC78B7392D737B4400FFF4F8 /* LaunchScreen.storyboard */ = {isa = PBXFileReference; lastKnownFileType = file.storyboard; path = LaunchScreen.storyboard; sourceTree = "<group>"; };
		ACA238F22D76CB8E00D8E43A /* Assets.xcassets */ = {isa = PBXFileReference; lastKnownFileType = folder.assetcatalog; path = Assets.xcassets; sourceTree = "<group>"; };
		ACAF916C2E1CD9DE00A0EE9A /* LeitnerBox.entitlements */ = {isa = PBXFileReference; lastKnownFileType = text.plist.entitlements; path = LeitnerBox.entitlements; sourceTree = "<group>"; };
		ACDC0A132EAF5E830094A423 /* GoogleService-Info.plist */ = {isa = PBXFileReference; lastKnownFileType = text.plist.xml; path = "GoogleService-Info.plist"; sourceTree = "<group>"; };
		ACCDE1932EC4BFC200499BDC /* talk_logo_animation.json */ = {isa = PBXFileReference; lastKnownFileType = text.json; path = talk_logo_animation.json; sourceTree = "<group>"; };
		ACE1EFAC2D7861E9003DEEDB /* en */ = {isa = PBXFileReference; lastKnownFileType = text.plist.strings; name = en; path = en.lproj/Localizable.strings; sourceTree = "<group>"; };
		ACE1EFAF2D7861EE003DEEDB /* sv */ = {isa = PBXFileReference; lastKnownFileType = text.plist.strings; name = sv; path = sv.lproj/Localizable.strings; sourceTree = "<group>"; };
		ACE1EFB02D7861F3003DEEDB /* es */ = {isa = PBXFileReference; lastKnownFileType = text.plist.strings; name = es; path = es.lproj/Localizable.strings; sourceTree = "<group>"; };
		ACE1EFB12D7861F5003DEEDB /* fa-IR */ = {isa = PBXFileReference; lastKnownFileType = text.plist.strings; name = "fa-IR"; path = "fa-IR.lproj/Localizable.strings"; sourceTree = "<group>"; };
		ACE1EFB22D7861F7003DEEDB /* de */ = {isa = PBXFileReference; lastKnownFileType = text.plist.strings; name = de; path = de.lproj/Localizable.strings; sourceTree = "<group>"; };
		ACE1EFB32D7861F9003DEEDB /* ar */ = {isa = PBXFileReference; lastKnownFileType = text.plist.strings; name = ar; path = ar.lproj/Localizable.strings; sourceTree = "<group>"; };
		ACE77E772E1C24D800450E13 /* Talk.app */ = {isa = PBXFileReference; explicitFileType = wrapper.application; includeInIndex = 0; path = Talk.app; sourceTree = BUILT_PRODUCTS_DIR; };
		ACE77E852E1C253800450E13 /* Info-AppStore.plist */ = {isa = PBXFileReference; lastKnownFileType = text.plist.xml; path = "Info-AppStore.plist"; sourceTree = "<group>"; };
		ACF5385F2DF42AC300D6C9A3 /* Logger+.swift */ = {isa = PBXFileReference; lastKnownFileType = sourcecode.swift; path = "Logger+.swift"; sourceTree = "<group>"; };
/* End PBXFileReference section */

/* Begin PBXFrameworksBuildPhase section */
		0570CB142AAEE02A001832E9 /* Frameworks */ = {
			isa = PBXFrameworksBuildPhase;
			buildActionMask = 2147483647;
			files = (
				AC7408952D777A86009217C8 /* TalkApp in Frameworks */,
				05D493932B21FF3800508472 /* PhotosUI.framework in Frameworks */,
				ACDC0A122EAF5C3E0094A423 /* FirebaseMessaging in Frameworks */,
				ACDC0A102EAF5C3E0094A423 /* FirebaseCore in Frameworks */,
				AC90FBAA2E1C2DA000890CDA /* LeitnerBoxApp in Frameworks */,
			);
			runOnlyForDeploymentPostprocessing = 0;
		};
		0570CB2C2AAEE04B001832E9 /* Frameworks */ = {
			isa = PBXFrameworksBuildPhase;
			buildActionMask = 2147483647;
			files = (
				AC7408932D777A81009217C8 /* TalkApp in Frameworks */,
				05D493922B21FF3100508472 /* PhotosUI.framework in Frameworks */,
				ACDC0A0E2EAF5C350094A423 /* FirebaseMessaging in Frameworks */,
				ACDC0A0C2EAF5C350094A423 /* FirebaseCore in Frameworks */,
				AC90FBAC2E1C2DA500890CDA /* LeitnerBoxApp in Frameworks */,
			);
			runOnlyForDeploymentPostprocessing = 0;
		};
		AC27F3BE2EC6ED25008305C5 /* Frameworks */ = {
			isa = PBXFrameworksBuildPhase;
			buildActionMask = 2147483647;
			files = (
				AC27F3BF2EC6ED25008305C5 /* TalkApp in Frameworks */,
				AC27F3C02EC6ED25008305C5 /* PhotosUI.framework in Frameworks */,
				AC27F3C12EC6ED25008305C5 /* LeitnerBoxApp in Frameworks */,
			);
			runOnlyForDeploymentPostprocessing = 0;
		};
		ACE77E742E1C24D800450E13 /* Frameworks */ = {
			isa = PBXFrameworksBuildPhase;
			buildActionMask = 2147483647;
			files = (
				ACDC0A0A2EAF5C290094A423 /* FirebaseMessaging in Frameworks */,
				AC90FBA72E1C2D4000890CDA /* TalkApp in Frameworks */,
				ACDC0A082EAF5C290094A423 /* FirebaseCore in Frameworks */,
				AC90FBA52E1C2D3800890CDA /* LeitnerBoxApp in Frameworks */,
			);
			runOnlyForDeploymentPostprocessing = 0;
		};
/* End PBXFrameworksBuildPhase section */

/* Begin PBXGroup section */
		052196872AD536B000FD3902 /* Recovered References */ = {
			isa = PBXGroup;
			children = (
				05B4C17A2ACEF2AF00FBC4DC /* TabButtonsContainer.swift */,
			);
			name = "Recovered References";
			sourceTree = "<group>";
		};
		0570CB0E2AAEE02A001832E9 = {
			isa = PBXGroup;
			children = (
				0570CB192AAEE02A001832E9 /* Talk */,
				0570CB182AAEE02A001832E9 /* Products */,
				0570CCA92AAEEE22001832E9 /* Frameworks */,
				052196872AD536B000FD3902 /* Recovered References */,
			);
			sourceTree = "<group>";
		};
		0570CB182AAEE02A001832E9 /* Products */ = {
			isa = PBXGroup;
			children = (
				0570CB172AAEE02A001832E9 /* Talk.app */,
				0570CB332AAEE04B001832E9 /* Talk-Test.app */,
				ACE77E772E1C24D800450E13 /* Talk.app */,
				AC27F3CA2EC6ED25008305C5 /* LeitnerBox.app */,
			);
			name = Products;
			sourceTree = "<group>";
		};
		0570CB192AAEE02A001832E9 /* Talk */ = {
			isa = PBXGroup;
			children = (
				ACAF916C2E1CD9DE00A0EE9A /* LeitnerBox.entitlements */,
				ACDC0A132EAF5E830094A423 /* GoogleService-Info.plist */,
				0570CBC12AAEE98E001832E9 /* Preview Content */,
				AC78B7392D737B4400FFF4F8 /* LaunchScreen.storyboard */,
				0570CBDE2AAEE98E001832E9 /* AppDelegate.swift */,
				0570CBA12AAEE98D001832E9 /* SceneDelegate.swift */,
				ACF5385F2DF42AC300D6C9A3 /* Logger+.swift */,
				AC64B7792ECC950B009524EC /* dots_loading.json */,
				ACCDE1932EC4BFC200499BDC /* talk_logo_animation.json */,
				0570CC962AAEE9B2001832E9 /* Info-Test.plist */,
				ACE77E852E1C253800450E13 /* Info-AppStore.plist */,
				0570CC952AAEE9B2001832E9 /* Info-Sibche.plist */,
				AC27F3CC2EC6ED5C008305C5 /* LeitnerBox.plist */,
				0506DE1E2AD42AF00009701E /* Talk.docc */,
				ACA238F22D76CB8E00D8E43A /* Assets.xcassets */,
				ACE1EFAB2D7861E9003DEEDB /* Localizable.strings */,
			);
			path = Talk;
			sourceTree = "<group>";
		};
		0570CBC12AAEE98E001832E9 /* Preview Content */ = {
			isa = PBXGroup;
			children = (
				0570CBC22AAEE98E001832E9 /* Preview Assets.xcassets */,
			);
			path = "Preview Content";
			sourceTree = "<group>";
		};
		0570CCA92AAEEE22001832E9 /* Frameworks */ = {
			isa = PBXGroup;
			children = (
				052F46652B21F5B400085C26 /* PhotosUI.framework */,
			);
			name = Frameworks;
			sourceTree = "<group>";
		};
/* End PBXGroup section */

/* Begin PBXNativeTarget section */
		0570CB162AAEE02A001832E9 /* Talk-Sibche */ = {
			isa = PBXNativeTarget;
			buildConfigurationList = 0570CB252AAEE02B001832E9 /* Build configuration list for PBXNativeTarget "Talk-Sibche" */;
			buildPhases = (
				0570CB132AAEE02A001832E9 /* Sources */,
				0570CB142AAEE02A001832E9 /* Frameworks */,
				0570CB152AAEE02A001832E9 /* Resources */,
				053EBAC92CCCC7A3002C1335 /* Embed Frameworks */,
			);
			buildRules = (
			);
			dependencies = (
			);
			name = "Talk-Sibche";
			packageProductDependencies = (
				AC7408942D777A86009217C8 /* TalkApp */,
				AC90FBA92E1C2DA000890CDA /* LeitnerBoxApp */,
				ACDC0A0F2EAF5C3E0094A423 /* FirebaseCore */,
				ACDC0A112EAF5C3E0094A423 /* FirebaseMessaging */,
			);
			productName = Talk;
			productReference = 0570CB172AAEE02A001832E9 /* Talk.app */;
			productType = "com.apple.product-type.application";
		};
		0570CB282AAEE04B001832E9 /* Talk-Test */ = {
			isa = PBXNativeTarget;
			buildConfigurationList = 0570CB302AAEE04B001832E9 /* Build configuration list for PBXNativeTarget "Talk-Test" */;
			buildPhases = (
				0570CB292AAEE04B001832E9 /* Sources */,
				0570CB2C2AAEE04B001832E9 /* Frameworks */,
				0570CB2D2AAEE04B001832E9 /* Resources */,
				053EBAB82CCCC796002C1335 /* Embed Frameworks */,
			);
			buildRules = (
			);
			dependencies = (
			);
			name = "Talk-Test";
			packageProductDependencies = (
				AC7408922D777A81009217C8 /* TalkApp */,
				AC90FBAB2E1C2DA500890CDA /* LeitnerBoxApp */,
				ACDC0A0B2EAF5C350094A423 /* FirebaseCore */,
				ACDC0A0D2EAF5C350094A423 /* FirebaseMessaging */,
			);
			productName = Talk;
			productReference = 0570CB332AAEE04B001832E9 /* Talk-Test.app */;
			productType = "com.apple.product-type.application";
		};
		AC27F3B42EC6ED25008305C5 /* LeitnerBox */ = {
			isa = PBXNativeTarget;
			buildConfigurationList = AC27F3C72EC6ED25008305C5 /* Build configuration list for PBXNativeTarget "LeitnerBox" */;
			buildPhases = (
				AC27F3B92EC6ED25008305C5 /* Sources */,
				AC27F3BE2EC6ED25008305C5 /* Frameworks */,
				AC27F3C22EC6ED25008305C5 /* Resources */,
				AC27F3C62EC6ED25008305C5 /* Embed Frameworks */,
			);
			buildRules = (
			);
			dependencies = (
			);
			name = LeitnerBox;
			packageProductDependencies = (
				AC27F3B52EC6ED25008305C5 /* TalkApp */,
				AC27F3B72EC6ED25008305C5 /* LeitnerBoxApp */,
			);
			productName = Talk;
			productReference = AC27F3CA2EC6ED25008305C5 /* LeitnerBox.app */;
			productType = "com.apple.product-type.application";
		};
		ACE77E762E1C24D800450E13 /* Talk-AppStore */ = {
			isa = PBXNativeTarget;
			buildConfigurationList = ACE77E842E1C24D900450E13 /* Build configuration list for PBXNativeTarget "Talk-AppStore" */;
			buildPhases = (
				ACE77E732E1C24D800450E13 /* Sources */,
				ACE77E742E1C24D800450E13 /* Frameworks */,
				ACE77E752E1C24D800450E13 /* Resources */,
			);
			buildRules = (
			);
			dependencies = (
			);
			name = "Talk-AppStore";
			packageProductDependencies = (
				AC90FBA42E1C2D3800890CDA /* LeitnerBoxApp */,
				AC90FBA62E1C2D4000890CDA /* TalkApp */,
				ACDC0A072EAF5C290094A423 /* FirebaseCore */,
				ACDC0A092EAF5C290094A423 /* FirebaseMessaging */,
			);
			productName = "Talk-AppStore";
			productReference = ACE77E772E1C24D800450E13 /* Talk.app */;
			productType = "com.apple.product-type.application";
		};
/* End PBXNativeTarget section */

/* Begin PBXProject section */
		0570CB0F2AAEE02A001832E9 /* Project object */ = {
			isa = PBXProject;
			attributes = {
				BuildIndependentTargetsInParallel = 1;
				LastSwiftUpdateCheck = 1620;
				LastUpgradeCheck = 1620;
				TargetAttributes = {
					0570CB162AAEE02A001832E9 = {
						CreatedOnToolsVersion = 14.3;
						LastSwiftMigration = 1430;
					};
					0570CB282AAEE04B001832E9 = {
						LastSwiftMigration = 1430;
					};
					ACE77E762E1C24D800450E13 = {
						CreatedOnToolsVersion = 16.2;
					};
				};
			};
			buildConfigurationList = 0570CB122AAEE02A001832E9 /* Build configuration list for PBXProject "Talk" */;
			compatibilityVersion = "Xcode 14.0";
			developmentRegion = en;
			hasScannedForEncodings = 0;
			knownRegions = (
				en,
				Base,
				de,
				ar,
				es,
				sv,
				"fa-IR",
			);
			mainGroup = 0570CB0E2AAEE02A001832E9;
			packageReferences = (
				AC7408912D777A76009217C8 /* XCLocalSwiftPackageReference "submodules/TalkApp" */,
				ACE77E862E1C2BBA00450E13 /* XCLocalSwiftPackageReference "submodules/LeitnerBox" */,
				ACDC0A062EAF5C000094A423 /* XCRemoteSwiftPackageReference "firebase-ios-sdk" */,
			);
			productRefGroup = 0570CB182AAEE02A001832E9 /* Products */;
			projectDirPath = "";
			projectRoot = "";
			targets = (
				0570CB162AAEE02A001832E9 /* Talk-Sibche */,
				0570CB282AAEE04B001832E9 /* Talk-Test */,
				ACE77E762E1C24D800450E13 /* Talk-AppStore */,
				AC27F3B42EC6ED25008305C5 /* LeitnerBox */,
			);
		};
/* End PBXProject section */

/* Begin PBXResourcesBuildPhase section */
		0570CB152AAEE02A001832E9 /* Resources */ = {
			isa = PBXResourcesBuildPhase;
			buildActionMask = 2147483647;
			files = (
				AC64B77D2ECC950B009524EC /* dots_loading.json in Resources */,
				ACCDE1952EC4BFC200499BDC /* talk_logo_animation.json in Resources */,
				AC484F2F2D8A954F008E7C62 /* Assets.xcassets in Resources */,
				0570CC772AAEE98F001832E9 /* Preview Assets.xcassets in Resources */,
				ACDC0A162EAF5E830094A423 /* GoogleService-Info.plist in Resources */,
			);
			runOnlyForDeploymentPostprocessing = 0;
		};
		0570CB2D2AAEE04B001832E9 /* Resources */ = {
			isa = PBXResourcesBuildPhase;
			buildActionMask = 2147483647;
			files = (
				AC64B77C2ECC950B009524EC /* dots_loading.json in Resources */,
				ACCDE1962EC4BFC200499BDC /* talk_logo_animation.json in Resources */,
				AC484F302D8A954F008E7C62 /* Assets.xcassets in Resources */,
				0570CC782AAEE98F001832E9 /* Preview Assets.xcassets in Resources */,
				ACDC0A152EAF5E830094A423 /* GoogleService-Info.plist in Resources */,
			);
			runOnlyForDeploymentPostprocessing = 0;
		};
		AC27F3C22EC6ED25008305C5 /* Resources */ = {
			isa = PBXResourcesBuildPhase;
			buildActionMask = 2147483647;
			files = (
				AC64B77A2ECC950B009524EC /* dots_loading.json in Resources */,
				AC27F3C32EC6ED25008305C5 /* talk_logo_animation.json in Resources */,
				AC27F3C42EC6ED25008305C5 /* Assets.xcassets in Resources */,
				AC27F3C52EC6ED25008305C5 /* Preview Assets.xcassets in Resources */,
			);
			runOnlyForDeploymentPostprocessing = 0;
		};
		ACE77E752E1C24D800450E13 /* Resources */ = {
			isa = PBXResourcesBuildPhase;
			buildActionMask = 2147483647;
			files = (
				AC64B77B2ECC950B009524EC /* dots_loading.json in Resources */,
				ACCDE1942EC4BFC200499BDC /* talk_logo_animation.json in Resources */,
				AC90FBB12E1C2EFF00890CDA /* Assets.xcassets in Resources */,
				AC90FBB22E1C2F0900890CDA /* Preview Assets.xcassets in Resources */,
				ACDC0A142EAF5E830094A423 /* GoogleService-Info.plist in Resources */,
			);
			runOnlyForDeploymentPostprocessing = 0;
		};
/* End PBXResourcesBuildPhase section */

/* Begin PBXSourcesBuildPhase section */
		0570CB132AAEE02A001832E9 /* Sources */ = {
			isa = PBXSourcesBuildPhase;
			buildActionMask = 2147483647;
			files = (
				0506DE1F2AD42AF00009701E /* Talk.docc in Sources */,
				0570CC932AAEE98F001832E9 /* AppDelegate.swift in Sources */,
				0570CC452AAEE98F001832E9 /* SceneDelegate.swift in Sources */,
				ACF538602DF42AC300D6C9A3 /* Logger+.swift in Sources */,
			);
			runOnlyForDeploymentPostprocessing = 0;
		};
		0570CB292AAEE04B001832E9 /* Sources */ = {
			isa = PBXSourcesBuildPhase;
			buildActionMask = 2147483647;
			files = (
				0506DE202AD42AF00009701E /* Talk.docc in Sources */,
				0570CC942AAEE98F001832E9 /* AppDelegate.swift in Sources */,
				0570CC462AAEE98F001832E9 /* SceneDelegate.swift in Sources */,
				ACF538612DF42AC300D6C9A3 /* Logger+.swift in Sources */,
			);
			runOnlyForDeploymentPostprocessing = 0;
		};
		AC27F3B92EC6ED25008305C5 /* Sources */ = {
			isa = PBXSourcesBuildPhase;
			buildActionMask = 2147483647;
			files = (
				AC27F3BA2EC6ED25008305C5 /* Talk.docc in Sources */,
				AC27F3BB2EC6ED25008305C5 /* AppDelegate.swift in Sources */,
				AC27F3BC2EC6ED25008305C5 /* SceneDelegate.swift in Sources */,
				AC27F3BD2EC6ED25008305C5 /* Logger+.swift in Sources */,
			);
			runOnlyForDeploymentPostprocessing = 0;
		};
		ACE77E732E1C24D800450E13 /* Sources */ = {
			isa = PBXSourcesBuildPhase;
			buildActionMask = 2147483647;
			files = (
				AC90FBB02E1C2ED500890CDA /* Talk.docc in Sources */,
				AC90FBAE2E1C2EB200890CDA /* AppDelegate.swift in Sources */,
				AC90FBA82E1C2D9100890CDA /* SceneDelegate.swift in Sources */,
				AC90FBAD2E1C2EAB00890CDA /* Logger+.swift in Sources */,
			);
			runOnlyForDeploymentPostprocessing = 0;
		};
/* End PBXSourcesBuildPhase section */

/* Begin PBXVariantGroup section */
		ACE1EFAB2D7861E9003DEEDB /* Localizable.strings */ = {
			isa = PBXVariantGroup;
			children = (
				ACE1EFAC2D7861E9003DEEDB /* en */,
				ACE1EFAF2D7861EE003DEEDB /* sv */,
				ACE1EFB02D7861F3003DEEDB /* es */,
				ACE1EFB12D7861F5003DEEDB /* fa-IR */,
				ACE1EFB22D7861F7003DEEDB /* de */,
				ACE1EFB32D7861F9003DEEDB /* ar */,
			);
			name = Localizable.strings;
			sourceTree = "<group>";
		};
/* End PBXVariantGroup section */

/* Begin XCBuildConfiguration section */
		0570CB232AAEE02B001832E9 /* Debug */ = {
			isa = XCBuildConfiguration;
			buildSettings = {
				ALWAYS_SEARCH_USER_PATHS = NO;
				ASSETCATALOG_COMPILER_GENERATE_SWIFT_ASSET_SYMBOL_EXTENSIONS = NO;
				CLANG_ANALYZER_LOCALIZABILITY_NONLOCALIZED = YES;
				CLANG_ANALYZER_NONNULL = YES;
				CLANG_ANALYZER_NUMBER_OBJECT_CONVERSION = YES_AGGRESSIVE;
				CLANG_CXX_LANGUAGE_STANDARD = "gnu++20";
				CLANG_ENABLE_MODULES = YES;
				CLANG_ENABLE_OBJC_ARC = YES;
				CLANG_ENABLE_OBJC_WEAK = YES;
				CLANG_WARN_BLOCK_CAPTURE_AUTORELEASING = YES;
				CLANG_WARN_BOOL_CONVERSION = YES;
				CLANG_WARN_COMMA = YES;
				CLANG_WARN_CONSTANT_CONVERSION = YES;
				CLANG_WARN_DEPRECATED_OBJC_IMPLEMENTATIONS = YES;
				CLANG_WARN_DIRECT_OBJC_ISA_USAGE = YES_ERROR;
				CLANG_WARN_DOCUMENTATION_COMMENTS = YES;
				CLANG_WARN_EMPTY_BODY = YES;
				CLANG_WARN_ENUM_CONVERSION = YES;
				CLANG_WARN_INFINITE_RECURSION = YES;
				CLANG_WARN_INT_CONVERSION = YES;
				CLANG_WARN_NON_LITERAL_NULL_CONVERSION = YES;
				CLANG_WARN_OBJC_IMPLICIT_RETAIN_SELF = YES;
				CLANG_WARN_OBJC_LITERAL_CONVERSION = YES;
				CLANG_WARN_OBJC_ROOT_CLASS = YES_ERROR;
				CLANG_WARN_QUOTED_INCLUDE_IN_FRAMEWORK_HEADER = YES;
				CLANG_WARN_RANGE_LOOP_ANALYSIS = YES;
				CLANG_WARN_STRICT_PROTOTYPES = YES;
				CLANG_WARN_SUSPICIOUS_MOVE = YES;
				CLANG_WARN_UNGUARDED_AVAILABILITY = YES_AGGRESSIVE;
				CLANG_WARN_UNREACHABLE_CODE = YES;
				CLANG_WARN__DUPLICATE_METHOD_MATCH = YES;
				COPY_PHASE_STRIP = NO;
				DEBUG_INFORMATION_FORMAT = dwarf;
				ENABLE_STRICT_OBJC_MSGSEND = YES;
				ENABLE_TESTABILITY = YES;
				ENABLE_USER_SCRIPT_SANDBOXING = YES;
				GCC_C_LANGUAGE_STANDARD = gnu11;
				GCC_DYNAMIC_NO_PIC = NO;
				GCC_NO_COMMON_BLOCKS = YES;
				GCC_OPTIMIZATION_LEVEL = 0;
				GCC_PREPROCESSOR_DEFINITIONS = (
					"DEBUG=1",
					"$(inherited)",
				);
				GCC_WARN_64_TO_32_BIT_CONVERSION = YES;
				GCC_WARN_ABOUT_RETURN_TYPE = YES_ERROR;
				GCC_WARN_UNDECLARED_SELECTOR = YES;
				GCC_WARN_UNINITIALIZED_AUTOS = YES_AGGRESSIVE;
				GCC_WARN_UNUSED_FUNCTION = YES;
				GCC_WARN_UNUSED_VARIABLE = YES;
				IPHONEOS_DEPLOYMENT_TARGET = 16.4;
				MTL_ENABLE_DEBUG_INFO = INCLUDE_SOURCE;
				MTL_FAST_MATH = YES;
				ONLY_ACTIVE_ARCH = YES;
				SDKROOT = iphoneos;
				SWIFT_ACTIVE_COMPILATION_CONDITIONS = DEBUG;
				SWIFT_OPTIMIZATION_LEVEL = "-Onone";
			};
			name = Debug;
		};
		0570CB242AAEE02B001832E9 /* Release */ = {
			isa = XCBuildConfiguration;
			buildSettings = {
				ALWAYS_SEARCH_USER_PATHS = NO;
				ASSETCATALOG_COMPILER_GENERATE_SWIFT_ASSET_SYMBOL_EXTENSIONS = NO;
				CLANG_ANALYZER_LOCALIZABILITY_NONLOCALIZED = YES;
				CLANG_ANALYZER_NONNULL = YES;
				CLANG_ANALYZER_NUMBER_OBJECT_CONVERSION = YES_AGGRESSIVE;
				CLANG_CXX_LANGUAGE_STANDARD = "gnu++20";
				CLANG_ENABLE_MODULES = YES;
				CLANG_ENABLE_OBJC_ARC = YES;
				CLANG_ENABLE_OBJC_WEAK = YES;
				CLANG_WARN_BLOCK_CAPTURE_AUTORELEASING = YES;
				CLANG_WARN_BOOL_CONVERSION = YES;
				CLANG_WARN_COMMA = YES;
				CLANG_WARN_CONSTANT_CONVERSION = YES;
				CLANG_WARN_DEPRECATED_OBJC_IMPLEMENTATIONS = YES;
				CLANG_WARN_DIRECT_OBJC_ISA_USAGE = YES_ERROR;
				CLANG_WARN_DOCUMENTATION_COMMENTS = YES;
				CLANG_WARN_EMPTY_BODY = YES;
				CLANG_WARN_ENUM_CONVERSION = YES;
				CLANG_WARN_INFINITE_RECURSION = YES;
				CLANG_WARN_INT_CONVERSION = YES;
				CLANG_WARN_NON_LITERAL_NULL_CONVERSION = YES;
				CLANG_WARN_OBJC_IMPLICIT_RETAIN_SELF = YES;
				CLANG_WARN_OBJC_LITERAL_CONVERSION = YES;
				CLANG_WARN_OBJC_ROOT_CLASS = YES_ERROR;
				CLANG_WARN_QUOTED_INCLUDE_IN_FRAMEWORK_HEADER = YES;
				CLANG_WARN_RANGE_LOOP_ANALYSIS = YES;
				CLANG_WARN_STRICT_PROTOTYPES = YES;
				CLANG_WARN_SUSPICIOUS_MOVE = YES;
				CLANG_WARN_UNGUARDED_AVAILABILITY = YES_AGGRESSIVE;
				CLANG_WARN_UNREACHABLE_CODE = YES;
				CLANG_WARN__DUPLICATE_METHOD_MATCH = YES;
				COPY_PHASE_STRIP = NO;
				DEBUG_INFORMATION_FORMAT = "dwarf-with-dsym";
				ENABLE_NS_ASSERTIONS = NO;
				ENABLE_STRICT_OBJC_MSGSEND = YES;
				ENABLE_USER_SCRIPT_SANDBOXING = YES;
				GCC_C_LANGUAGE_STANDARD = gnu11;
				GCC_NO_COMMON_BLOCKS = YES;
				GCC_WARN_64_TO_32_BIT_CONVERSION = YES;
				GCC_WARN_ABOUT_RETURN_TYPE = YES_ERROR;
				GCC_WARN_UNDECLARED_SELECTOR = YES;
				GCC_WARN_UNINITIALIZED_AUTOS = YES_AGGRESSIVE;
				GCC_WARN_UNUSED_FUNCTION = YES;
				GCC_WARN_UNUSED_VARIABLE = YES;
				IPHONEOS_DEPLOYMENT_TARGET = 16.4;
				MTL_ENABLE_DEBUG_INFO = NO;
				MTL_FAST_MATH = YES;
				SDKROOT = iphoneos;
				SWIFT_COMPILATION_MODE = wholemodule;
				SWIFT_OPTIMIZATION_LEVEL = "-O";
				VALIDATE_PRODUCT = YES;
			};
			name = Release;
		};
		0570CB262AAEE02B001832E9 /* Debug */ = {
			isa = XCBuildConfiguration;
			buildSettings = {
				ASSETCATALOG_COMPILER_APPICON_NAME = AppIcon;
				ASSETCATALOG_COMPILER_GENERATE_SWIFT_ASSET_SYMBOL_EXTENSIONS = NO;
				ASSETCATALOG_COMPILER_GLOBAL_ACCENT_COLOR_NAME = accent;
				CLANG_ANALYZER_LOCALIZABILITY_NONLOCALIZED = YES;
				CLANG_ENABLE_MODULES = YES;
				CODE_SIGN_STYLE = Automatic;
				CURRENT_PROJECT_VERSION = 1;
				DEVELOPMENT_ASSET_PATHS = "\"Talk/Preview Content\"";
				DEVELOPMENT_TEAM = 7QN43D38LP;
				ENABLE_PREVIEWS = YES;
				GENERATE_INFOPLIST_FILE = NO;
				INFOPLIST_FILE = "Talk/Info-Sibche.plist";
				INFOPLIST_KEY_CFBundleDisplayName = Talk;
				INFOPLIST_KEY_UIApplicationSceneManifest_Generation = YES;
				INFOPLIST_KEY_UIApplicationSupportsIndirectInputEvents = YES;
				INFOPLIST_KEY_UILaunchScreen_Generation = NO;
				INFOPLIST_KEY_UILaunchStoryboardName = LaunchScreen.storyboard;
				INFOPLIST_KEY_UISupportedInterfaceOrientations_iPad = "UIInterfaceOrientationPortrait UIInterfaceOrientationPortraitUpsideDown UIInterfaceOrientationLandscapeLeft UIInterfaceOrientationLandscapeRight";
				INFOPLIST_KEY_UISupportedInterfaceOrientations_iPhone = "UIInterfaceOrientationPortrait UIInterfaceOrientationLandscapeLeft UIInterfaceOrientationLandscapeRight";
				IPHONEOS_DEPLOYMENT_TARGET = 16.4;
				LD_RUNPATH_SEARCH_PATHS = (
					"$(inherited)",
					"@executable_path/Frameworks",
				);
				MARKETING_VERSION = 1.7.0;
				PRODUCT_BUNDLE_IDENTIFIER = ir.pod.talk;
				PRODUCT_NAME = Talk;
				SWIFT_EMIT_LOC_STRINGS = YES;
				SWIFT_OPTIMIZATION_LEVEL = "-Onone";
				SWIFT_VERSION = 5.0;
				TARGETED_DEVICE_FAMILY = "1,2";
			};
			name = Debug;
		};
		0570CB272AAEE02B001832E9 /* Release */ = {
			isa = XCBuildConfiguration;
			buildSettings = {
				ASSETCATALOG_COMPILER_APPICON_NAME = AppIcon;
				ASSETCATALOG_COMPILER_GENERATE_SWIFT_ASSET_SYMBOL_EXTENSIONS = NO;
				ASSETCATALOG_COMPILER_GLOBAL_ACCENT_COLOR_NAME = accent;
				CLANG_ANALYZER_LOCALIZABILITY_NONLOCALIZED = YES;
				CLANG_ENABLE_MODULES = YES;
				CODE_SIGN_STYLE = Automatic;
				CURRENT_PROJECT_VERSION = 1;
				DEVELOPMENT_ASSET_PATHS = "\"Talk/Preview Content\"";
				DEVELOPMENT_TEAM = 7QN43D38LP;
				ENABLE_PREVIEWS = YES;
				"EXCLUDED_SOURCE_FILE_NAMES[arch=*]" = (
					MockAppConfiguration.swift,
					MockData.json,
					MockData.swift,
				);
				GENERATE_INFOPLIST_FILE = NO;
				INFOPLIST_FILE = "Talk/Info-Sibche.plist";
				INFOPLIST_KEY_CFBundleDisplayName = Talk;
				INFOPLIST_KEY_UIApplicationSceneManifest_Generation = YES;
				INFOPLIST_KEY_UIApplicationSupportsIndirectInputEvents = YES;
				INFOPLIST_KEY_UILaunchScreen_Generation = NO;
				INFOPLIST_KEY_UILaunchStoryboardName = LaunchScreen.storyboard;
				INFOPLIST_KEY_UISupportedInterfaceOrientations_iPad = "UIInterfaceOrientationPortrait UIInterfaceOrientationPortraitUpsideDown UIInterfaceOrientationLandscapeLeft UIInterfaceOrientationLandscapeRight";
				INFOPLIST_KEY_UISupportedInterfaceOrientations_iPhone = "UIInterfaceOrientationPortrait UIInterfaceOrientationLandscapeLeft UIInterfaceOrientationLandscapeRight";
				IPHONEOS_DEPLOYMENT_TARGET = 16.4;
				LD_RUNPATH_SEARCH_PATHS = (
					"$(inherited)",
					"@executable_path/Frameworks",
				);
				MARKETING_VERSION = 1.7.0;
				PRODUCT_BUNDLE_IDENTIFIER = ir.pod.talk;
				PRODUCT_NAME = Talk;
				SWIFT_EMIT_LOC_STRINGS = YES;
				SWIFT_VERSION = 5.0;
				TARGETED_DEVICE_FAMILY = "1,2";
			};
			name = Release;
		};
		0570CB312AAEE04B001832E9 /* Debug */ = {
			isa = XCBuildConfiguration;
			buildSettings = {
				ASSETCATALOG_COMPILER_APPICON_NAME = AppIcon;
				ASSETCATALOG_COMPILER_GENERATE_SWIFT_ASSET_SYMBOL_EXTENSIONS = NO;
				ASSETCATALOG_COMPILER_GLOBAL_ACCENT_COLOR_NAME = accent;
				CLANG_ANALYZER_LOCALIZABILITY_NONLOCALIZED = YES;
				CLANG_ENABLE_MODULES = YES;
				CODE_SIGN_STYLE = Automatic;
				CURRENT_PROJECT_VERSION = 1.5.6;
				DEVELOPMENT_ASSET_PATHS = "\"Talk/Preview Content\"";
				DEVELOPMENT_TEAM = 7QN43D38LP;
				ENABLE_PREVIEWS = YES;
				GENERATE_INFOPLIST_FILE = NO;
				INFOPLIST_FILE = "Talk/Info-Test.plist";
				INFOPLIST_KEY_CFBundleDisplayName = "Talk-Test";
				INFOPLIST_KEY_UIApplicationSceneManifest_Generation = YES;
				INFOPLIST_KEY_UIApplicationSupportsIndirectInputEvents = YES;
				INFOPLIST_KEY_UILaunchScreen_Generation = NO;
				INFOPLIST_KEY_UILaunchStoryboardName = LaunchScreen.storyboard;
				INFOPLIST_KEY_UISupportedInterfaceOrientations_iPad = "UIInterfaceOrientationPortrait UIInterfaceOrientationPortraitUpsideDown UIInterfaceOrientationLandscapeLeft UIInterfaceOrientationLandscapeRight";
				INFOPLIST_KEY_UISupportedInterfaceOrientations_iPhone = "UIInterfaceOrientationPortrait UIInterfaceOrientationLandscapeLeft UIInterfaceOrientationLandscapeRight";
				IPHONEOS_DEPLOYMENT_TARGET = 16.4;
				LD_RUNPATH_SEARCH_PATHS = (
					"$(inherited)",
					"@executable_path/Frameworks",
				);
				MARKETING_VERSION = 209;
				PRODUCT_BUNDLE_IDENTIFIER = "ir.pod.talk-test";
				PRODUCT_NAME = "$(TARGET_NAME)";
				SWIFT_EMIT_LOC_STRINGS = YES;
				SWIFT_OPTIMIZATION_LEVEL = "-Onone";
				SWIFT_VERSION = 5.0;
				TARGETED_DEVICE_FAMILY = "1,2";
			};
			name = Debug;
		};
		0570CB322AAEE04B001832E9 /* Release */ = {
			isa = XCBuildConfiguration;
			buildSettings = {
				ASSETCATALOG_COMPILER_APPICON_NAME = AppIcon;
				ASSETCATALOG_COMPILER_GENERATE_SWIFT_ASSET_SYMBOL_EXTENSIONS = NO;
				ASSETCATALOG_COMPILER_GLOBAL_ACCENT_COLOR_NAME = accent;
				CLANG_ANALYZER_LOCALIZABILITY_NONLOCALIZED = YES;
				CLANG_ENABLE_MODULES = YES;
				CODE_SIGN_STYLE = Automatic;
				CURRENT_PROJECT_VERSION = 1.5.6;
				DEVELOPMENT_ASSET_PATHS = "\"Talk/Preview Content\"";
				DEVELOPMENT_TEAM = 7QN43D38LP;
				ENABLE_PREVIEWS = YES;
				"EXCLUDED_SOURCE_FILE_NAMES[arch=*]" = (
					MockAppConfiguration.swift,
					MockData.json,
					MockData.swift,
				);
				GENERATE_INFOPLIST_FILE = NO;
				INFOPLIST_FILE = "Talk/Info-Test.plist";
				INFOPLIST_KEY_CFBundleDisplayName = "Talk-Test";
				INFOPLIST_KEY_UIApplicationSceneManifest_Generation = YES;
				INFOPLIST_KEY_UIApplicationSupportsIndirectInputEvents = YES;
				INFOPLIST_KEY_UILaunchScreen_Generation = NO;
				INFOPLIST_KEY_UILaunchStoryboardName = LaunchScreen.storyboard;
				INFOPLIST_KEY_UISupportedInterfaceOrientations_iPad = "UIInterfaceOrientationPortrait UIInterfaceOrientationPortraitUpsideDown UIInterfaceOrientationLandscapeLeft UIInterfaceOrientationLandscapeRight";
				INFOPLIST_KEY_UISupportedInterfaceOrientations_iPhone = "UIInterfaceOrientationPortrait UIInterfaceOrientationLandscapeLeft UIInterfaceOrientationLandscapeRight";
				IPHONEOS_DEPLOYMENT_TARGET = 16.4;
				LD_RUNPATH_SEARCH_PATHS = (
					"$(inherited)",
					"@executable_path/Frameworks",
				);
				MARKETING_VERSION = 209;
				PRODUCT_BUNDLE_IDENTIFIER = "ir.pod.talk-test";
				PRODUCT_NAME = "$(TARGET_NAME)";
				SWIFT_EMIT_LOC_STRINGS = YES;
				SWIFT_VERSION = 5.0;
				TARGETED_DEVICE_FAMILY = "1,2";
			};
			name = Release;
		};
		AC27F3C82EC6ED25008305C5 /* Debug */ = {
			isa = XCBuildConfiguration;
			buildSettings = {
				ASSETCATALOG_COMPILER_APPICON_NAME = AppIcon;
				ASSETCATALOG_COMPILER_GENERATE_SWIFT_ASSET_SYMBOL_EXTENSIONS = NO;
				ASSETCATALOG_COMPILER_GLOBAL_ACCENT_COLOR_NAME = accent;
				CLANG_ANALYZER_LOCALIZABILITY_NONLOCALIZED = YES;
				CLANG_ENABLE_MODULES = YES;
				CODE_SIGN_STYLE = Automatic;
				CURRENT_PROJECT_VERSION = 1;
				DEVELOPMENT_ASSET_PATHS = "\"Talk/Preview Content\"";
				DEVELOPMENT_TEAM = 7QN43D38LP;
				ENABLE_PREVIEWS = YES;
				GENERATE_INFOPLIST_FILE = NO;
				INFOPLIST_FILE = Talk/Leitnerbox.plist;
				INFOPLIST_KEY_CFBundleDisplayName = LeitnerBox;
				INFOPLIST_KEY_UIApplicationSceneManifest_Generation = YES;
				INFOPLIST_KEY_UIApplicationSupportsIndirectInputEvents = YES;
				INFOPLIST_KEY_UILaunchScreen_Generation = NO;
				INFOPLIST_KEY_UILaunchStoryboardName = LaunchScreen.storyboard;
				INFOPLIST_KEY_UISupportedInterfaceOrientations_iPad = "UIInterfaceOrientationPortrait UIInterfaceOrientationPortraitUpsideDown UIInterfaceOrientationLandscapeLeft UIInterfaceOrientationLandscapeRight";
				INFOPLIST_KEY_UISupportedInterfaceOrientations_iPhone = "UIInterfaceOrientationPortrait UIInterfaceOrientationLandscapeLeft UIInterfaceOrientationLandscapeRight";
				IPHONEOS_DEPLOYMENT_TARGET = 16.4;
				LD_RUNPATH_SEARCH_PATHS = (
					"$(inherited)",
					"@executable_path/Frameworks",
				);
				MARKETING_VERSION = 1.7.0;
				PRODUCT_BUNDLE_IDENTIFIER = ir.pod.talk;
				PRODUCT_NAME = "$(TARGET_NAME)";
				SWIFT_EMIT_LOC_STRINGS = YES;
				SWIFT_OPTIMIZATION_LEVEL = "-Onone";
				SWIFT_VERSION = 5.0;
				TARGETED_DEVICE_FAMILY = "1,2";
			};
			name = Debug;
		};
		AC27F3C92EC6ED25008305C5 /* Release */ = {
			isa = XCBuildConfiguration;
			buildSettings = {
				ASSETCATALOG_COMPILER_APPICON_NAME = AppIcon;
				ASSETCATALOG_COMPILER_GENERATE_SWIFT_ASSET_SYMBOL_EXTENSIONS = NO;
				ASSETCATALOG_COMPILER_GLOBAL_ACCENT_COLOR_NAME = accent;
				CLANG_ANALYZER_LOCALIZABILITY_NONLOCALIZED = YES;
				CLANG_ENABLE_MODULES = YES;
				CODE_SIGN_STYLE = Automatic;
				CURRENT_PROJECT_VERSION = 1;
				DEVELOPMENT_ASSET_PATHS = "\"Talk/Preview Content\"";
				DEVELOPMENT_TEAM = 7QN43D38LP;
				ENABLE_PREVIEWS = YES;
				"EXCLUDED_SOURCE_FILE_NAMES[arch=*]" = (
					MockAppConfiguration.swift,
					MockData.json,
					MockData.swift,
				);
				GENERATE_INFOPLIST_FILE = NO;
				INFOPLIST_FILE = Talk/Leitnerbox.plist;
				INFOPLIST_KEY_CFBundleDisplayName = LeitnerBox;
				INFOPLIST_KEY_UIApplicationSceneManifest_Generation = YES;
				INFOPLIST_KEY_UIApplicationSupportsIndirectInputEvents = YES;
				INFOPLIST_KEY_UILaunchScreen_Generation = NO;
				INFOPLIST_KEY_UILaunchStoryboardName = LaunchScreen.storyboard;
				INFOPLIST_KEY_UISupportedInterfaceOrientations_iPad = "UIInterfaceOrientationPortrait UIInterfaceOrientationPortraitUpsideDown UIInterfaceOrientationLandscapeLeft UIInterfaceOrientationLandscapeRight";
				INFOPLIST_KEY_UISupportedInterfaceOrientations_iPhone = "UIInterfaceOrientationPortrait UIInterfaceOrientationLandscapeLeft UIInterfaceOrientationLandscapeRight";
				IPHONEOS_DEPLOYMENT_TARGET = 16.4;
				LD_RUNPATH_SEARCH_PATHS = (
					"$(inherited)",
					"@executable_path/Frameworks",
				);
				MARKETING_VERSION = 1.7.0;
				PRODUCT_BUNDLE_IDENTIFIER = ir.pod.talk;
				PRODUCT_NAME = "$(TARGET_NAME)";
				SWIFT_EMIT_LOC_STRINGS = YES;
				SWIFT_VERSION = 5.0;
				TARGETED_DEVICE_FAMILY = "1,2";
			};
			name = Release;
		};
		ACE77E822E1C24D900450E13 /* Debug */ = {
			isa = XCBuildConfiguration;
			buildSettings = {
				ASSETCATALOG_COMPILER_APPICON_NAME = AppIcon;
				ASSETCATALOG_COMPILER_GENERATE_SWIFT_ASSET_SYMBOL_EXTENSIONS = YES;
				ASSETCATALOG_COMPILER_GLOBAL_ACCENT_COLOR_NAME = accent;
				CLANG_CXX_LANGUAGE_STANDARD = "gnu++17";
				CODE_SIGN_ENTITLEMENTS = Talk/LeitnerBox.entitlements;
				CODE_SIGN_IDENTITY = "Apple Development";
				CODE_SIGN_STYLE = Automatic;
				CURRENT_PROJECT_VERSION = 1;
				DEVELOPMENT_ASSET_PATHS = "\"Talk/Preview Content\"";
				DEVELOPMENT_TEAM = T26BL3Z92T;
				ENABLE_ON_DEMAND_RESOURCES = "$(__IS_NOT_MACOS)";
				ENABLE_PREVIEWS = YES;
				GCC_C_LANGUAGE_STANDARD = gnu11;
				GENERATE_INFOPLIST_FILE = YES;
				INFOPLIST_FILE = "Talk/Info-AppStore.plist";
				INFOPLIST_KEY_CFBundleDisplayName = "Talk: LB";
				INFOPLIST_KEY_LSSupportsOpeningDocumentsInPlace = YES;
				INFOPLIST_KEY_NSCameraUsageDescription = "$(PRODUCT_NAME) Requires camera access if you want to store an image to recall.";
				INFOPLIST_KEY_NSContactsUsageDescription = "$(PRODUCT_NAME) Requires contact access to share the app with othters.";
				INFOPLIST_KEY_NSLocationAlwaysAndWhenInUseUsageDescription = "$(PRODUCT_NAME) Requires location access to store and recall.";
				INFOPLIST_KEY_NSLocationAlwaysUsageDescription = "$(PRODUCT_NAME) Requires location access to store and recall.";
				INFOPLIST_KEY_NSLocationWhenInUseUsageDescription = "$(PRODUCT_NAME) Requires location access to store and recall.";
				INFOPLIST_KEY_NSMicrophoneUsageDescription = "$(PRODUCT_NAME) Requires microphone access in to store your voice for review.";
				INFOPLIST_KEY_NSPhotoLibraryAddUsageDescription = "$(PRODUCT_NAME) Requires library access to use an image as review.";
				INFOPLIST_KEY_NSPhotoLibraryUsageDescription = "$(PRODUCT_NAME) Requires library access to use an image as review.";
				INFOPLIST_KEY_UIApplicationSupportsIndirectInputEvents = YES;
				INFOPLIST_KEY_UILaunchScreen_Generation = YES;
				INFOPLIST_KEY_UILaunchStoryboardName = LaunchScreen.storyboard;
				INFOPLIST_KEY_UIRequiredDeviceCapabilities = armv7;
				INFOPLIST_KEY_UISupportedInterfaceOrientations = "UIInterfaceOrientationPortrait UIInterfaceOrientationLandscapeLeft UIInterfaceOrientationLandscapeRight";
				INFOPLIST_KEY_UISupportedInterfaceOrientations_iPad = "UIInterfaceOrientationPortrait UIInterfaceOrientationPortraitUpsideDown UIInterfaceOrientationLandscapeLeft UIInterfaceOrientationLandscapeRight";
				INFOPLIST_KEY_UISupportedInterfaceOrientations_iPhone = "UIInterfaceOrientationPortrait UIInterfaceOrientationLandscapeLeft UIInterfaceOrientationLandscapeRight";
				IPHONEOS_DEPLOYMENT_TARGET = 16.4;
				LD_RUNPATH_SEARCH_PATHS = (
					"$(inherited)",
					"@executable_path/Frameworks",
				);
				LOCALIZATION_PREFERS_STRING_CATALOGS = YES;
				MARKETING_VERSION = 1.4.52;
				PRODUCT_BUNDLE_IDENTIFIER = com.lmlvrmedia.leitnerbox;
				PRODUCT_NAME = Talk;
				PROVISIONING_PROFILE_SPECIFIER = "";
				SUPPORTS_MACCATALYST = YES;
				SWIFT_ACTIVE_COMPILATION_CONDITIONS = "DEBUG $(inherited)";
				SWIFT_EMIT_LOC_STRINGS = YES;
				SWIFT_VERSION = 5.0;
				TARGETED_DEVICE_FAMILY = "1,2";
			};
			name = Debug;
		};
		ACE77E832E1C24D900450E13 /* Release */ = {
			isa = XCBuildConfiguration;
			buildSettings = {
				ASSETCATALOG_COMPILER_APPICON_NAME = AppIcon;
				ASSETCATALOG_COMPILER_GENERATE_SWIFT_ASSET_SYMBOL_EXTENSIONS = YES;
				ASSETCATALOG_COMPILER_GLOBAL_ACCENT_COLOR_NAME = accent;
				CLANG_CXX_LANGUAGE_STANDARD = "gnu++17";
				CODE_SIGN_ENTITLEMENTS = Talk/LeitnerBox.entitlements;
				CODE_SIGN_IDENTITY = "Apple Development";
				CODE_SIGN_STYLE = Automatic;
				CURRENT_PROJECT_VERSION = 1;
				DEVELOPMENT_ASSET_PATHS = "\"Talk/Preview Content\"";
				DEVELOPMENT_TEAM = T26BL3Z92T;
				ENABLE_ON_DEMAND_RESOURCES = "$(__IS_NOT_MACOS)";
				ENABLE_PREVIEWS = YES;
				EXCLUDED_SOURCE_FILE_NAMES = (
					MockData.json,
					MockAppConfiguration.swift,
					"build+docc+commit.sh",
					README.md,
				);
				GCC_C_LANGUAGE_STANDARD = gnu11;
				GENERATE_INFOPLIST_FILE = YES;
				INFOPLIST_FILE = "Talk/Info-AppStore.plist";
				INFOPLIST_KEY_CFBundleDisplayName = "Talk: LB";
				INFOPLIST_KEY_LSSupportsOpeningDocumentsInPlace = YES;
				INFOPLIST_KEY_NSCameraUsageDescription = "$(PRODUCT_NAME) Requires camera access if you want to store an image to recall.";
				INFOPLIST_KEY_NSContactsUsageDescription = "$(PRODUCT_NAME) Requires contact access to share the app with othters.";
				INFOPLIST_KEY_NSLocationAlwaysAndWhenInUseUsageDescription = "$(PRODUCT_NAME) Requires location access to store and recall.";
				INFOPLIST_KEY_NSLocationAlwaysUsageDescription = "$(PRODUCT_NAME) Requires location access to store and recall.";
				INFOPLIST_KEY_NSLocationWhenInUseUsageDescription = "$(PRODUCT_NAME) Requires location access to store and recall.";
				INFOPLIST_KEY_NSMicrophoneUsageDescription = "$(PRODUCT_NAME) Requires microphone access in to store your voice for review.";
				INFOPLIST_KEY_NSPhotoLibraryAddUsageDescription = "$(PRODUCT_NAME) Requires library access to use an image as review.";
				INFOPLIST_KEY_NSPhotoLibraryUsageDescription = "$(PRODUCT_NAME) Requires library access to use an image as review.";
				INFOPLIST_KEY_UIApplicationSupportsIndirectInputEvents = YES;
				INFOPLIST_KEY_UILaunchScreen_Generation = YES;
				INFOPLIST_KEY_UILaunchStoryboardName = LaunchScreen.storyboard;
				INFOPLIST_KEY_UIRequiredDeviceCapabilities = armv7;
				INFOPLIST_KEY_UISupportedInterfaceOrientations = "UIInterfaceOrientationPortrait UIInterfaceOrientationLandscapeLeft UIInterfaceOrientationLandscapeRight";
				INFOPLIST_KEY_UISupportedInterfaceOrientations_iPad = "UIInterfaceOrientationPortrait UIInterfaceOrientationPortraitUpsideDown UIInterfaceOrientationLandscapeLeft UIInterfaceOrientationLandscapeRight";
				INFOPLIST_KEY_UISupportedInterfaceOrientations_iPhone = "UIInterfaceOrientationPortrait UIInterfaceOrientationLandscapeLeft UIInterfaceOrientationLandscapeRight";
				IPHONEOS_DEPLOYMENT_TARGET = 16.4;
				LD_RUNPATH_SEARCH_PATHS = (
					"$(inherited)",
					"@executable_path/Frameworks",
				);
				LOCALIZATION_PREFERS_STRING_CATALOGS = YES;
				MARKETING_VERSION = 1.4.52;
				PRODUCT_BUNDLE_IDENTIFIER = com.lmlvrmedia.leitnerbox;
				PRODUCT_NAME = Talk;
				PROVISIONING_PROFILE_SPECIFIER = "";
				SUPPORTS_MACCATALYST = YES;
				SWIFT_EMIT_LOC_STRINGS = YES;
				SWIFT_VERSION = 5.0;
				TARGETED_DEVICE_FAMILY = "1,2";
			};
			name = Release;
		};
/* End XCBuildConfiguration section */

/* Begin XCConfigurationList section */
		0570CB122AAEE02A001832E9 /* Build configuration list for PBXProject "Talk" */ = {
			isa = XCConfigurationList;
			buildConfigurations = (
				0570CB232AAEE02B001832E9 /* Debug */,
				0570CB242AAEE02B001832E9 /* Release */,
			);
			defaultConfigurationIsVisible = 0;
			defaultConfigurationName = Release;
		};
		0570CB252AAEE02B001832E9 /* Build configuration list for PBXNativeTarget "Talk-Sibche" */ = {
			isa = XCConfigurationList;
			buildConfigurations = (
				0570CB262AAEE02B001832E9 /* Debug */,
				0570CB272AAEE02B001832E9 /* Release */,
			);
			defaultConfigurationIsVisible = 0;
			defaultConfigurationName = Release;
		};
		0570CB302AAEE04B001832E9 /* Build configuration list for PBXNativeTarget "Talk-Test" */ = {
			isa = XCConfigurationList;
			buildConfigurations = (
				0570CB312AAEE04B001832E9 /* Debug */,
				0570CB322AAEE04B001832E9 /* Release */,
			);
			defaultConfigurationIsVisible = 0;
			defaultConfigurationName = Release;
		};
		AC27F3C72EC6ED25008305C5 /* Build configuration list for PBXNativeTarget "LeitnerBox" */ = {
			isa = XCConfigurationList;
			buildConfigurations = (
				AC27F3C82EC6ED25008305C5 /* Debug */,
				AC27F3C92EC6ED25008305C5 /* Release */,
			);
			defaultConfigurationIsVisible = 0;
			defaultConfigurationName = Release;
		};
		ACE77E842E1C24D900450E13 /* Build configuration list for PBXNativeTarget "Talk-AppStore" */ = {
			isa = XCConfigurationList;
			buildConfigurations = (
				ACE77E822E1C24D900450E13 /* Debug */,
				ACE77E832E1C24D900450E13 /* Release */,
			);
			defaultConfigurationIsVisible = 0;
			defaultConfigurationName = Release;
		};
/* End XCConfigurationList section */

/* Begin XCLocalSwiftPackageReference section */
		AC27F3B62EC6ED25008305C5 /* XCLocalSwiftPackageReference "submodules/TalkApp" */ = {
			isa = XCLocalSwiftPackageReference;
			relativePath = submodules/TalkApp;
		};
		AC27F3B82EC6ED25008305C5 /* XCLocalSwiftPackageReference "submodules/LeitnerBox" */ = {
			isa = XCLocalSwiftPackageReference;
			relativePath = submodules/LeitnerBox;
		};
		AC7408912D777A76009217C8 /* XCLocalSwiftPackageReference "submodules/TalkApp" */ = {
			isa = XCLocalSwiftPackageReference;
			relativePath = submodules/TalkApp;
		};
		ACE77E862E1C2BBA00450E13 /* XCLocalSwiftPackageReference "submodules/LeitnerBox" */ = {
			isa = XCLocalSwiftPackageReference;
			relativePath = submodules/LeitnerBox;
		};
/* End XCLocalSwiftPackageReference section */

/* Begin XCRemoteSwiftPackageReference section */
		ACDC0A062EAF5C000094A423 /* XCRemoteSwiftPackageReference "firebase-ios-sdk" */ = {
			isa = XCRemoteSwiftPackageReference;
			repositoryURL = "https://github.com/firebase/firebase-ios-sdk";
			requirement = {
				kind = upToNextMajorVersion;
				minimumVersion = 12.4.0;
			};
		};
/* End XCRemoteSwiftPackageReference section */

/* Begin XCSwiftPackageProductDependency section */
		AC27F3B52EC6ED25008305C5 /* TalkApp */ = {
			isa = XCSwiftPackageProductDependency;
			package = AC27F3B62EC6ED25008305C5 /* XCLocalSwiftPackageReference "submodules/TalkApp" */;
			productName = TalkApp;
		};
		AC27F3B72EC6ED25008305C5 /* LeitnerBoxApp */ = {
			isa = XCSwiftPackageProductDependency;
			package = AC27F3B82EC6ED25008305C5 /* XCLocalSwiftPackageReference "submodules/LeitnerBox" */;
			productName = LeitnerBoxApp;
		};
		AC7408922D777A81009217C8 /* TalkApp */ = {
			isa = XCSwiftPackageProductDependency;
			package = AC7408912D777A76009217C8 /* XCLocalSwiftPackageReference "submodules/TalkApp" */;
			productName = TalkApp;
		};
		AC7408942D777A86009217C8 /* TalkApp */ = {
			isa = XCSwiftPackageProductDependency;
			package = AC7408912D777A76009217C8 /* XCLocalSwiftPackageReference "submodules/TalkApp" */;
			productName = TalkApp;
		};
		AC90FBA42E1C2D3800890CDA /* LeitnerBoxApp */ = {
			isa = XCSwiftPackageProductDependency;
			package = ACE77E862E1C2BBA00450E13 /* XCLocalSwiftPackageReference "submodules/LeitnerBox" */;
			productName = LeitnerBoxApp;
		};
		AC90FBA62E1C2D4000890CDA /* TalkApp */ = {
			isa = XCSwiftPackageProductDependency;
			package = AC7408912D777A76009217C8 /* XCLocalSwiftPackageReference "submodules/TalkApp" */;
			productName = TalkApp;
		};
		AC90FBA92E1C2DA000890CDA /* LeitnerBoxApp */ = {
			isa = XCSwiftPackageProductDependency;
			package = ACE77E862E1C2BBA00450E13 /* XCLocalSwiftPackageReference "submodules/LeitnerBox" */;
			productName = LeitnerBoxApp;
		};
		AC90FBAB2E1C2DA500890CDA /* LeitnerBoxApp */ = {
			isa = XCSwiftPackageProductDependency;
			package = ACE77E862E1C2BBA00450E13 /* XCLocalSwiftPackageReference "submodules/LeitnerBox" */;
			productName = LeitnerBoxApp;
		};
		ACDC0A072EAF5C290094A423 /* FirebaseCore */ = {
			isa = XCSwiftPackageProductDependency;
			package = ACDC0A062EAF5C000094A423 /* XCRemoteSwiftPackageReference "firebase-ios-sdk" */;
			productName = FirebaseCore;
		};
		ACDC0A092EAF5C290094A423 /* FirebaseMessaging */ = {
			isa = XCSwiftPackageProductDependency;
			package = ACDC0A062EAF5C000094A423 /* XCRemoteSwiftPackageReference "firebase-ios-sdk" */;
			productName = FirebaseMessaging;
		};
		ACDC0A0B2EAF5C350094A423 /* FirebaseCore */ = {
			isa = XCSwiftPackageProductDependency;
			package = ACDC0A062EAF5C000094A423 /* XCRemoteSwiftPackageReference "firebase-ios-sdk" */;
			productName = FirebaseCore;
		};
		ACDC0A0D2EAF5C350094A423 /* FirebaseMessaging */ = {
			isa = XCSwiftPackageProductDependency;
			package = ACDC0A062EAF5C000094A423 /* XCRemoteSwiftPackageReference "firebase-ios-sdk" */;
			productName = FirebaseMessaging;
		};
		ACDC0A0F2EAF5C3E0094A423 /* FirebaseCore */ = {
			isa = XCSwiftPackageProductDependency;
			package = ACDC0A062EAF5C000094A423 /* XCRemoteSwiftPackageReference "firebase-ios-sdk" */;
			productName = FirebaseCore;
		};
		ACDC0A112EAF5C3E0094A423 /* FirebaseMessaging */ = {
			isa = XCSwiftPackageProductDependency;
			package = ACDC0A062EAF5C000094A423 /* XCRemoteSwiftPackageReference "firebase-ios-sdk" */;
			productName = FirebaseMessaging;
		};
/* End XCSwiftPackageProductDependency section */
	};
	rootObject = 0570CB0F2AAEE02A001832E9 /* Project object */;
}
